// !$*UTF8*$!
{
	archiveVersion = 1;
	classes = {
	};
	objectVersion = 46;
	objects = {

/* Begin PBXBuildFile section */
		637B791C246444BB0090942F /* AppDelegate.swift in Sources */ = {isa = PBXBuildFile; fileRef = 637B791B246444BB0090942F /* AppDelegate.swift */; };
		637B791E246444BB0090942F /* ViewController.swift in Sources */ = {isa = PBXBuildFile; fileRef = 637B791D246444BB0090942F /* ViewController.swift */; };
		637B7921246444BC0090942F /* Main.storyboard in Resources */ = {isa = PBXBuildFile; fileRef = 637B791F246444BC0090942F /* Main.storyboard */; };
		637B7923246444BC0090942F /* Assets.xcassets in Resources */ = {isa = PBXBuildFile; fileRef = 637B7922246444BC0090942F /* Assets.xcassets */; };
		637B7926246444BC0090942F /* LaunchScreen.storyboard in Resources */ = {isa = PBXBuildFile; fileRef = 637B7924246444BC0090942F /* LaunchScreen.storyboard */; };
		637B7931246444BC0090942F /* custom_collection_viewTests.swift in Sources */ = {isa = PBXBuildFile; fileRef = 637B7930246444BC0090942F /* custom_collection_viewTests.swift */; };
		637B793C246444BC0090942F /* custom_collection_viewUITests.swift in Sources */ = {isa = PBXBuildFile; fileRef = 637B793B246444BC0090942F /* custom_collection_viewUITests.swift */; };
/* End PBXBuildFile section */

/* Begin PBXContainerItemProxy section */
		637B792D246444BC0090942F /* PBXContainerItemProxy */ = {
			isa = PBXContainerItemProxy;
			containerPortal = 637B7910246444BB0090942F /* Project object */;
			proxyType = 1;
			remoteGlobalIDString = 637B7917246444BB0090942F;
			remoteInfo = "custom collection view";
		};
		637B7938246444BC0090942F /* PBXContainerItemProxy */ = {
			isa = PBXContainerItemProxy;
			containerPortal = 637B7910246444BB0090942F /* Project object */;
			proxyType = 1;
			remoteGlobalIDString = 637B7917246444BB0090942F;
			remoteInfo = "custom collection view";
		};
/* End PBXContainerItemProxy section */

/* Begin PBXFileReference section */
		637B7918246444BB0090942F /* custom collection view.app */ = {isa = PBXFileReference; explicitFileType = wrapper.application; includeInIndex = 0; path = "custom collection view.app"; sourceTree = BUILT_PRODUCTS_DIR; };
		637B791B246444BB0090942F /* AppDelegate.swift */ = {isa = PBXFileReference; lastKnownFileType = sourcecode.swift; path = AppDelegate.swift; sourceTree = "<group>"; };
		637B791D246444BB0090942F /* ViewController.swift */ = {isa = PBXFileReference; lastKnownFileType = sourcecode.swift; path = ViewController.swift; sourceTree = "<group>"; };
		637B7920246444BC0090942F /* Base */ = {isa = PBXFileReference; lastKnownFileType = file.storyboard; name = Base; path = Base.lproj/Main.storyboard; sourceTree = "<group>"; };
		637B7922246444BC0090942F /* Assets.xcassets */ = {isa = PBXFileReference; lastKnownFileType = folder.assetcatalog; path = Assets.xcassets; sourceTree = "<group>"; };
		637B7925246444BC0090942F /* Base */ = {isa = PBXFileReference; lastKnownFileType = file.storyboard; name = Base; path = Base.lproj/LaunchScreen.storyboard; sourceTree = "<group>"; };
		637B7927246444BC0090942F /* Info.plist */ = {isa = PBXFileReference; lastKnownFileType = text.plist.xml; path = Info.plist; sourceTree = "<group>"; };
		637B792C246444BC0090942F /* custom collection viewTests.xctest */ = {isa = PBXFileReference; explicitFileType = wrapper.cfbundle; includeInIndex = 0; path = "custom collection viewTests.xctest"; sourceTree = BUILT_PRODUCTS_DIR; };
		637B7930246444BC0090942F /* custom_collection_viewTests.swift */ = {isa = PBXFileReference; lastKnownFileType = sourcecode.swift; path = custom_collection_viewTests.swift; sourceTree = "<group>"; };
		637B7932246444BC0090942F /* Info.plist */ = {isa = PBXFileReference; lastKnownFileType = text.plist.xml; path = Info.plist; sourceTree = "<group>"; };
		637B7937246444BC0090942F /* custom collection viewUITests.xctest */ = {isa = PBXFileReference; explicitFileType = wrapper.cfbundle; includeInIndex = 0; path = "custom collection viewUITests.xctest"; sourceTree = BUILT_PRODUCTS_DIR; };
		637B793B246444BC0090942F /* custom_collection_viewUITests.swift */ = {isa = PBXFileReference; lastKnownFileType = sourcecode.swift; path = custom_collection_viewUITests.swift; sourceTree = "<group>"; };
		637B793D246444BC0090942F /* Info.plist */ = {isa = PBXFileReference; lastKnownFileType = text.plist.xml; path = Info.plist; sourceTree = "<group>"; };
/* End PBXFileReference section */

/* Begin PBXFrameworksBuildPhase section */
		637B7915246444BB0090942F /* Frameworks */ = {
			isa = PBXFrameworksBuildPhase;
			buildActionMask = 2147483647;
			files = (
			);
			runOnlyForDeploymentPostprocessing = 0;
		};
		637B7929246444BC0090942F /* Frameworks */ = {
			isa = PBXFrameworksBuildPhase;
			buildActionMask = 2147483647;
			files = (
			);
			runOnlyForDeploymentPostprocessing = 0;
		};
		637B7934246444BC0090942F /* Frameworks */ = {
			isa = PBXFrameworksBuildPhase;
			buildActionMask = 2147483647;
			files = (
			);
			runOnlyForDeploymentPostprocessing = 0;
		};
/* End PBXFrameworksBuildPhase section */

/* Begin PBXGroup section */
		637B790F246444BB0090942F = {
			isa = PBXGroup;
			children = (
				637B791A246444BB0090942F /* custom collection view */,
				637B792F246444BC0090942F /* custom collection viewTests */,
				637B793A246444BC0090942F /* custom collection viewUITests */,
				637B7919246444BB0090942F /* Products */,
			);
			sourceTree = "<group>";
		};
		637B7919246444BB0090942F /* Products */ = {
			isa = PBXGroup;
			children = (
				637B7918246444BB0090942F /* custom collection view.app */,
				637B792C246444BC0090942F /* custom collection viewTests.xctest */,
				637B7937246444BC0090942F /* custom collection viewUITests.xctest */,
			);
			name = Products;
			sourceTree = "<group>";
		};
		637B791A246444BB0090942F /* custom collection view */ = {
			isa = PBXGroup;
			children = (
				637B791B246444BB0090942F /* AppDelegate.swift */,
				637B791D246444BB0090942F /* ViewController.swift */,
				637B791F246444BC0090942F /* Main.storyboard */,
				637B7922246444BC0090942F /* Assets.xcassets */,
				637B7924246444BC0090942F /* LaunchScreen.storyboard */,
				637B7927246444BC0090942F /* Info.plist */,
			);
			path = "custom collection view";
			sourceTree = "<group>";
		};
		637B792F246444BC0090942F /* custom collection viewTests */ = {
			isa = PBXGroup;
			children = (
				637B7930246444BC0090942F /* custom_collection_viewTests.swift */,
				637B7932246444BC0090942F /* Info.plist */,
			);
			path = "custom collection viewTests";
			sourceTree = "<group>";
		};
		637B793A246444BC0090942F /* custom collection viewUITests */ = {
			isa = PBXGroup;
			children = (
				637B793B246444BC0090942F /* custom_collection_viewUITests.swift */,
				637B793D246444BC0090942F /* Info.plist */,
			);
			path = "custom collection viewUITests";
			sourceTree = "<group>";
		};
/* End PBXGroup section */

/* Begin PBXNativeTarget section */
		637B7917246444BB0090942F /* custom collection view */ = {
			isa = PBXNativeTarget;
			buildConfigurationList = 637B7940246444BC0090942F /* Build configuration list for PBXNativeTarget "custom collection view" */;
			buildPhases = (
				637B7914246444BB0090942F /* Sources */,
				637B7915246444BB0090942F /* Frameworks */,
				637B7916246444BB0090942F /* Resources */,
			);
			buildRules = (
			);
			dependencies = (
			);
			name = "custom collection view";
			productName = "custom collection view";
			productReference = 637B7918246444BB0090942F /* custom collection view.app */;
			productType = "com.apple.product-type.application";
		};
		637B792B246444BC0090942F /* custom collection viewTests */ = {
			isa = PBXNativeTarget;
			buildConfigurationList = 637B7943246444BC0090942F /* Build configuration list for PBXNativeTarget "custom collection viewTests" */;
			buildPhases = (
				637B7928246444BC0090942F /* Sources */,
				637B7929246444BC0090942F /* Frameworks */,
				637B792A246444BC0090942F /* Resources */,
			);
			buildRules = (
			);
			dependencies = (
				637B792E246444BC0090942F /* PBXTargetDependency */,
			);
			name = "custom collection viewTests";
			productName = "custom collection viewTests";
			productReference = 637B792C246444BC0090942F /* custom collection viewTests.xctest */;
			productType = "com.apple.product-type.bundle.unit-test";
		};
		637B7936246444BC0090942F /* custom collection viewUITests */ = {
			isa = PBXNativeTarget;
			buildConfigurationList = 637B7946246444BC0090942F /* Build configuration list for PBXNativeTarget "custom collection viewUITests" */;
			buildPhases = (
				637B7933246444BC0090942F /* Sources */,
				637B7934246444BC0090942F /* Frameworks */,
				637B7935246444BC0090942F /* Resources */,
			);
			buildRules = (
			);
			dependencies = (
				637B7939246444BC0090942F /* PBXTargetDependency */,
			);
			name = "custom collection viewUITests";
			productName = "custom collection viewUITests";
			productReference = 637B7937246444BC0090942F /* custom collection viewUITests.xctest */;
			productType = "com.apple.product-type.bundle.ui-testing";
		};
/* End PBXNativeTarget section */

/* Begin PBXProject section */
		637B7910246444BB0090942F /* Project object */ = {
			isa = PBXProject;
			attributes = {
				LastSwiftUpdateCheck = 0830;
				LastUpgradeCheck = 0830;
				ORGANIZATIONNAME = "Swapnil Kadam";
				TargetAttributes = {
					637B7917246444BB0090942F = {
						CreatedOnToolsVersion = 8.3.3;
						ProvisioningStyle = Automatic;
					};
					637B792B246444BC0090942F = {
						CreatedOnToolsVersion = 8.3.3;
						ProvisioningStyle = Automatic;
						TestTargetID = 637B7917246444BB0090942F;
					};
					637B7936246444BC0090942F = {
						CreatedOnToolsVersion = 8.3.3;
						ProvisioningStyle = Automatic;
						TestTargetID = 637B7917246444BB0090942F;
					};
				};
			};
			buildConfigurationList = 637B7913246444BB0090942F /* Build configuration list for PBXProject "custom collection view" */;
			compatibilityVersion = "Xcode 3.2";
			developmentRegion = English;
			hasScannedForEncodings = 0;
			knownRegions = (
				en,
				Base,
			);
			mainGroup = 637B790F246444BB0090942F;
			productRefGroup = 637B7919246444BB0090942F /* Products */;
			projectDirPath = "";
			projectRoot = "";
			targets = (
				637B7917246444BB0090942F /* custom collection view */,
				637B792B246444BC0090942F /* custom collection viewTests */,
				637B7936246444BC0090942F /* custom collection viewUITests */,
			);
		};
/* End PBXProject section */

/* Begin PBXResourcesBuildPhase section */
		637B7916246444BB0090942F /* Resources */ = {
			isa = PBXResourcesBuildPhase;
			buildActionMask = 2147483647;
			files = (
				637B7926246444BC0090942F /* LaunchScreen.storyboard in Resources */,
				637B7923246444BC0090942F /* Assets.xcassets in Resources */,
				637B7921246444BC0090942F /* Main.storyboard in Resources */,
			);
			runOnlyForDeploymentPostprocessing = 0;
		};
		637B792A246444BC0090942F /* Resources */ = {
			isa = PBXResourcesBuildPhase;
			buildActionMask = 2147483647;
			files = (
			);
			runOnlyForDeploymentPostprocessing = 0;
		};
		637B7935246444BC0090942F /* Resources */ = {
			isa = PBXResourcesBuildPhase;
			buildActionMask = 2147483647;
			files = (
			);
			runOnlyForDeploymentPostprocessing = 0;
		};
/* End PBXResourcesBuildPhase section */

/* Begin PBXSourcesBuildPhase section */
		637B7914246444BB0090942F /* Sources */ = {
			isa = PBXSourcesBuildPhase;
			buildActionMask = 2147483647;
			files = (
				637B791E246444BB0090942F /* ViewController.swift in Sources */,
				637B791C246444BB0090942F /* AppDelegate.swift in Sources */,
			);
			runOnlyForDeploymentPostprocessing = 0;
		};
		637B7928246444BC0090942F /* Sources */ = {
			isa = PBXSourcesBuildPhase;
			buildActionMask = 2147483647;
			files = (
				637B7931246444BC0090942F /* custom_collection_viewTests.swift in Sources */,
			);
			runOnlyForDeploymentPostprocessing = 0;
		};
		637B7933246444BC0090942F /* Sources */ = {
			isa = PBXSourcesBuildPhase;
			buildActionMask = 2147483647;
			files = (
				637B793C246444BC0090942F /* custom_collection_viewUITests.swift in Sources */,
			);
			runOnlyForDeploymentPostprocessing = 0;
		};
/* End PBXSourcesBuildPhase section */

/* Begin PBXTargetDependency section */
		637B792E246444BC0090942F /* PBXTargetDependency */ = {
			isa = PBXTargetDependency;
			target = 637B7917246444BB0090942F /* custom collection view */;
			targetProxy = 637B792D246444BC0090942F /* PBXContainerItemProxy */;
		};
		637B7939246444BC0090942F /* PBXTargetDependency */ = {
			isa = PBXTargetDependency;
			target = 637B7917246444BB0090942F /* custom collection view */;
			targetProxy = 637B7938246444BC0090942F /* PBXContainerItemProxy */;
		};
/* End PBXTargetDependency section */

/* Begin PBXVariantGroup section */
		637B791F246444BC0090942F /* Main.storyboard */ = {
			isa = PBXVariantGroup;
			children = (
				637B7920246444BC0090942F /* Base */,
			);
			name = Main.storyboard;
			sourceTree = "<group>";
		};
		637B7924246444BC0090942F /* LaunchScreen.storyboard */ = {
			isa = PBXVariantGroup;
			children = (
				637B7925246444BC0090942F /* Base */,
			);
			name = LaunchScreen.storyboard;
			sourceTree = "<group>";
		};
/* End PBXVariantGroup section */

/* Begin XCBuildConfiguration section */
		637B793E246444BC0090942F /* Debug */ = {
			isa = XCBuildConfiguration;
			buildSettings = {
				ALWAYS_SEARCH_USER_PATHS = NO;
				CLANG_ANALYZER_NONNULL = YES;
				CLANG_ANALYZER_NUMBER_OBJECT_CONVERSION = YES_AGGRESSIVE;
				CLANG_CXX_LANGUAGE_STANDARD = "gnu++0x";
				CLANG_CXX_LIBRARY = "libc++";
				CLANG_ENABLE_MODULES = YES;
				CLANG_ENABLE_OBJC_ARC = YES;
				CLANG_WARN_BOOL_CONVERSION = YES;
				CLANG_WARN_CONSTANT_CONVERSION = YES;
				CLANG_WARN_DIRECT_OBJC_ISA_USAGE = YES_ERROR;
				CLANG_WARN_DOCUMENTATION_COMMENTS = YES;
				CLANG_WARN_EMPTY_BODY = YES;
				CLANG_WARN_ENUM_CONVERSION = YES;
				CLANG_WARN_INFINITE_RECURSION = YES;
				CLANG_WARN_INT_CONVERSION = YES;
				CLANG_WARN_OBJC_ROOT_CLASS = YES_ERROR;
				CLANG_WARN_SUSPICIOUS_MOVE = YES;
				CLANG_WARN_UNREACHABLE_CODE = YES;
				CLANG_WARN__DUPLICATE_METHOD_MATCH = YES;
				"CODE_SIGN_IDENTITY[sdk=iphoneos*]" = "iPhone Developer";
				COPY_PHASE_STRIP = NO;
				DEBUG_INFORMATION_FORMAT = dwarf;
				ENABLE_STRICT_OBJC_MSGSEND = YES;
				ENABLE_TESTABILITY = YES;
				GCC_C_LANGUAGE_STANDARD = gnu99;
				GCC_DYNAMIC_NO_PIC = NO;
				GCC_NO_COMMON_BLOCKS = YES;
				GCC_OPTIMIZATION_LEVEL = 0;
				GCC_PREPROCESSOR_DEFINITIONS = (
					"DEBUG=1",
					"$(inherited)",
				);
				GCC_WARN_64_TO_32_BIT_CONVERSION = YES;
				GCC_WARN_ABOUT_RETURN_TYPE = YES_ERROR;
				GCC_WARN_UNDECLARED_SELECTOR = YES;
				GCC_WARN_UNINITIALIZED_AUTOS = YES_AGGRESSIVE;
				GCC_WARN_UNUSED_FUNCTION = YES;
				GCC_WARN_UNUSED_VARIABLE = YES;
				IPHONEOS_DEPLOYMENT_TARGET = 10.3;
				MTL_ENABLE_DEBUG_INFO = YES;
				ONLY_ACTIVE_ARCH = YES;
				SDKROOT = iphoneos;
				SWIFT_ACTIVE_COMPILATION_CONDITIONS = DEBUG;
				SWIFT_OPTIMIZATION_LEVEL = "-Onone";
				TARGETED_DEVICE_FAMILY = "1,2";
			};
			name = Debug;
		};
		637B793F246444BC0090942F /* Release */ = {
			isa = XCBuildConfiguration;
			buildSettings = {
				ALWAYS_SEARCH_USER_PATHS = NO;
				CLANG_ANALYZER_NONNULL = YES;
				CLANG_ANALYZER_NUMBER_OBJECT_CONVERSION = YES_AGGRESSIVE;
				CLANG_CXX_LANGUAGE_STANDARD = "gnu++0x";
				CLANG_CXX_LIBRARY = "libc++";
				CLANG_ENABLE_MODULES = YES;
				CLANG_ENABLE_OBJC_ARC = YES;
				CLANG_WARN_BOOL_CONVERSION = YES;
				CLANG_WARN_CONSTANT_CONVERSION = YES;
				CLANG_WARN_DIRECT_OBJC_ISA_USAGE = YES_ERROR;
				CLANG_WARN_DOCUMENTATION_COMMENTS = YES;
				CLANG_WARN_EMPTY_BODY = YES;
				CLANG_WARN_ENUM_CONVERSION = YES;
				CLANG_WARN_INFINITE_RECURSION = YES;
				CLANG_WARN_INT_CONVERSION = YES;
				CLANG_WARN_OBJC_ROOT_CLASS = YES_ERROR;
				CLANG_WARN_SUSPICIOUS_MOVE = YES;
				CLANG_WARN_UNREACHABLE_CODE = YES;
				CLANG_WARN__DUPLICATE_METHOD_MATCH = YES;
				"CODE_SIGN_IDENTITY[sdk=iphoneos*]" = "iPhone Developer";
				COPY_PHASE_STRIP = NO;
				DEBUG_INFORMATION_FORMAT = "dwarf-with-dsym";
				ENABLE_NS_ASSERTIONS = NO;
				ENABLE_STRICT_OBJC_MSGSEND = YES;
				GCC_C_LANGUAGE_STANDARD = gnu99;
				GCC_NO_COMMON_BLOCKS = YES;
				GCC_WARN_64_TO_32_BIT_CONVERSION = YES;
				GCC_WARN_ABOUT_RETURN_TYPE = YES_ERROR;
				GCC_WARN_UNDECLARED_SELECTOR = YES;
				GCC_WARN_UNINITIALIZED_AUTOS = YES_AGGRESSIVE;
				GCC_WARN_UNUSED_FUNCTION = YES;
				GCC_WARN_UNUSED_VARIABLE = YES;
				IPHONEOS_DEPLOYMENT_TARGET = 10.3;
				MTL_ENABLE_DEBUG_INFO = NO;
				SDKROOT = iphoneos;
				SWIFT_OPTIMIZATION_LEVEL = "-Owholemodule";
				TARGETED_DEVICE_FAMILY = "1,2";
				VALIDATE_PRODUCT = YES;
			};
			name = Release;
		};
		637B7941246444BC0090942F /* Debug */ = {
			isa = XCBuildConfiguration;
			buildSettings = {
				ASSETCATALOG_COMPILER_APPICON_NAME = AppIcon;
				INFOPLIST_FILE = "custom collection view/Info.plist";
				LD_RUNPATH_SEARCH_PATHS = "$(inherited) @executable_path/Frameworks";
				PRODUCT_BUNDLE_IDENTIFIER = "sap.custom-collection-view";
				PRODUCT_NAME = "$(TARGET_NAME)";
				SWIFT_VERSION = 3.0;
			};
			name = Debug;
		};
		637B7942246444BC0090942F /* Release */ = {
			isa = XCBuildConfiguration;
			buildSettings = {
				ASSETCATALOG_COMPILER_APPICON_NAME = AppIcon;
				INFOPLIST_FILE = "custom collection view/Info.plist";
				LD_RUNPATH_SEARCH_PATHS = "$(inherited) @executable_path/Frameworks";
				PRODUCT_BUNDLE_IDENTIFIER = "sap.custom-collection-view";
				PRODUCT_NAME = "$(TARGET_NAME)";
				SWIFT_VERSION = 3.0;
			};
			name = Release;
		};
		637B7944246444BC0090942F /* Debug */ = {
			isa = XCBuildConfiguration;
			buildSettings = {
				ALWAYS_EMBED_SWIFT_STANDARD_LIBRARIES = YES;
				BUNDLE_LOADER = "$(TEST_HOST)";
				INFOPLIST_FILE = "custom collection viewTests/Info.plist";
				LD_RUNPATH_SEARCH_PATHS = "$(inherited) @executable_path/Frameworks @loader_path/Frameworks";
				PRODUCT_BUNDLE_IDENTIFIER = "sap.custom-collection-viewTests";
				PRODUCT_NAME = "$(TARGET_NAME)";
				SWIFT_VERSION = 3.0;
				TEST_HOST = "$(BUILT_PRODUCTS_DIR)/custom collection view.app/custom collection view";
			};
			name = Debug;
		};
		637B7945246444BC0090942F /* Release */ = {
			isa = XCBuildConfiguration;
			buildSettings = {
				ALWAYS_EMBED_SWIFT_STANDARD_LIBRARIES = YES;
				BUNDLE_LOADER = "$(TEST_HOST)";
				INFOPLIST_FILE = "custom collection viewTests/Info.plist";
				LD_RUNPATH_SEARCH_PATHS = "$(inherited) @executable_path/Frameworks @loader_path/Frameworks";
				PRODUCT_BUNDLE_IDENTIFIER = "sap.custom-collection-viewTests";
				PRODUCT_NAME = "$(TARGET_NAME)";
				SWIFT_VERSION = 3.0;
				TEST_HOST = "$(BUILT_PRODUCTS_DIR)/custom collection view.app/custom collection view";
			};
			name = Release;
		};
		637B7947246444BC0090942F /* Debug */ = {
			isa = XCBuildConfiguration;
			buildSettings = {
				ALWAYS_EMBED_SWIFT_STANDARD_LIBRARIES = YES;
				INFOPLIST_FILE = "custom collection viewUITests/Info.plist";
				LD_RUNPATH_SEARCH_PATHS = "$(inherited) @executable_path/Frameworks @loader_path/Frameworks";
				PRODUCT_BUNDLE_IDENTIFIER = "sap.custom-collection-viewUITests";
				PRODUCT_NAME = "$(TARGET_NAME)";
				SWIFT_VERSION = 3.0;
				TEST_TARGET_NAME = "custom collection view";
			};
			name = Debug;
		};
		637B7948246444BC0090942F /* Release */ = {
			isa = XCBuildConfiguration;
			buildSettings = {
				ALWAYS_EMBED_SWIFT_STANDARD_LIBRARIES = YES;
				INFOPLIST_FILE = "custom collection viewUITests/Info.plist";
				LD_RUNPATH_SEARCH_PATHS = "$(inherited) @executable_path/Frameworks @loader_path/Frameworks";
				PRODUCT_BUNDLE_IDENTIFIER = "sap.custom-collection-viewUITests";
				PRODUCT_NAME = "$(TARGET_NAME)";
				SWIFT_VERSION = 3.0;
				TEST_TARGET_NAME = "custom collection view";
			};
			name = Release;
		};
/* End XCBuildConfiguration section */

/* Begin XCConfigurationList section */
		637B7913246444BB0090942F /* Build configuration list for PBXProject "custom collection view" */ = {
			isa = XCConfigurationList;
			buildConfigurations = (
				637B793E246444BC0090942F /* Debug */,
				637B793F246444BC0090942F /* Release */,
			);
			defaultConfigurationIsVisible = 0;
			defaultConfigurationName = Release;
		};
		637B7940246444BC0090942F /* Build configuration list for PBXNativeTarget "custom collection view" */ = {
			isa = XCConfigurationList;
			buildConfigurations = (
				637B7941246444BC0090942F /* Debug */,
				637B7942246444BC0090942F /* Release */,
			);
			defaultConfigurationIsVisible = 0;
		};
		637B7943246444BC0090942F /* Build configuration list for PBXNativeTarget "custom collection viewTests" */ = {
			isa = XCConfigurationList;
			buildConfigurations = (
				637B7944246444BC0090942F /* Debug */,
				637B7945246444BC0090942F /* Release */,
			);
			defaultConfigurationIsVisible = 0;
		};
		637B7946246444BC0090942F /* Build configuration list for PBXNativeTarget "custom collection viewUITests" */ = {
			isa = XCConfigurationList;
			buildConfigurations = (
				637B7947246444BC0090942F /* Debug */,
				637B7948246444BC0090942F /* Release */,
			);
			defaultConfigurationIsVisible = 0;
		};
/* End XCConfigurationList section */
	};
	rootObject = 637B7910246444BB0090942F /* Project object */;
}
